<?xml version="1.0" encoding="utf-8"?>
<Project ToolsVersion="4.0" xmlns="http://schemas.microsoft.com/developer/msbuild/2003">
  <ItemGroup>
    <Filter Include="Source Files">
      <UniqueIdentifier>{4FC737F1-C7A5-4376-A066-2A32D752A2FF}</UniqueIdentifier>
      <Extensions>cpp;c;cc;cxx;def;odl;idl;hpj;bat;asm;asmx</Extensions>
    </Filter>
    <Filter Include="Header Files">
      <UniqueIdentifier>{93995380-89BD-4b04-88EB-625FBE52EBFB}</UniqueIdentifier>
      <Extensions>h;hpp;hxx;hm;inl;inc;xsd</Extensions>
    </Filter>
    <Filter Include="Resource Files">
      <UniqueIdentifier>{67DA6AB6-F800-4c08-8B7A-83BB121AAD01}</UniqueIdentifier>
      <Extensions>rc;ico;cur;bmp;dlg;rc2;rct;bin;rgs;gif;jpg;jpeg;jpe;resx;tiff;tif;png;wav</Extensions>
    </Filter>
  </ItemGroup>
  <ItemGroup>
    <ClCompile Include="plugin\logger_google\logger_google.cpp">
      <Filter>Source Files</Filter>
    </ClCompile>
    <ClCompile Include="plugin\logger_google\logger_google_impl.cpp">
      <Filter>Source Files</Filter>
    </ClCompile>
    <ClCompile Include="plugin\monitor\monitor.cpp">
      <Filter>Source Files</Filter>
    </ClCompile>
    <ClCompile Include="plugin\monitor\monitor_bp.cpp">
      <Filter>Source Files</Filter>
    </ClCompile>
    <ClCompile Include="sample\phxecho\echo_server.cpp">
      <Filter>Source Files</Filter>
    </ClCompile>
    <ClCompile Include="sample\phxecho\echo_sm.cpp">
      <Filter>Source Files</Filter>
    </ClCompile>
    <ClCompile Include="sample\phxecho\main.cpp">
      <Filter>Source Files</Filter>
    </ClCompile>
    <ClCompile Include="sample\phxelection\election.cpp">
      <Filter>Source Files</Filter>
    </ClCompile>
    <ClCompile Include="sample\phxelection\election_main.cpp">
      <Filter>Source Files</Filter>
    </ClCompile>
    <ClCompile Include="sample\phxkv\kv.cpp">
      <Filter>Source Files</Filter>
    </ClCompile>
    <ClCompile Include="sample\phxkv\kvsm.cpp">
      <Filter>Source Files</Filter>
    </ClCompile>
    <ClCompile Include="sample\phxkv\kv_grpc_client.cpp">
      <Filter>Source Files</Filter>
    </ClCompile>
    <ClCompile Include="sample\phxkv\kv_grpc_client_main.cpp">
      <Filter>Source Files</Filter>
    </ClCompile>
    <ClCompile Include="sample\phxkv\kv_grpc_server.cpp">
      <Filter>Source Files</Filter>
    </ClCompile>
    <ClCompile Include="sample\phxkv\kv_grpc_server_main.cpp">
      <Filter>Source Files</Filter>
    </ClCompile>
    <ClCompile Include="sample\phxkv\kv_paxos.cpp">
      <Filter>Source Files</Filter>
    </ClCompile>
    <ClCompile Include="sample\phxkv\log.cpp">
      <Filter>Source Files</Filter>
    </ClCompile>
    <ClCompile Include="sample\phxkv\utils.cpp">
      <Filter>Source Files</Filter>
    </ClCompile>
    <ClCompile Include="src\algorithm\acceptor.cpp">
      <Filter>Source Files</Filter>
    </ClCompile>
    <ClCompile Include="src\algorithm\base.cpp">
      <Filter>Source Files</Filter>
    </ClCompile>
    <ClCompile Include="src\algorithm\checkpoint_receiver.cpp">
      <Filter>Source Files</Filter>
    </ClCompile>
    <ClCompile Include="src\algorithm\checkpoint_sender.cpp">
      <Filter>Source Files</Filter>
    </ClCompile>
    <ClCompile Include="src\algorithm\commitctx.cpp">
      <Filter>Source Files</Filter>
    </ClCompile>
    <ClCompile Include="src\algorithm\committer.cpp">
      <Filter>Source Files</Filter>
    </ClCompile>
    <ClCompile Include="src\algorithm\instance.cpp">
      <Filter>Source Files</Filter>
    </ClCompile>
    <ClCompile Include="src\algorithm\ioloop.cpp">
      <Filter>Source Files</Filter>
    </ClCompile>
    <ClCompile Include="src\algorithm\learner.cpp">
      <Filter>Source Files</Filter>
    </ClCompile>
    <ClCompile Include="src\algorithm\learner_sender.cpp">
      <Filter>Source Files</Filter>
    </ClCompile>
    <ClCompile Include="src\algorithm\msg_counter.cpp">
      <Filter>Source Files</Filter>
    </ClCompile>
    <ClCompile Include="src\algorithm\proposer.cpp">
      <Filter>Source Files</Filter>
    </ClCompile>
    <ClCompile Include="src\benchmark\bench_main.cpp">
      <Filter>Source Files</Filter>
    </ClCompile>
    <ClCompile Include="src\benchmark\bench_server.cpp">
      <Filter>Source Files</Filter>
    </ClCompile>
    <ClCompile Include="src\benchmark\bench_sm.cpp">
      <Filter>Source Files</Filter>
    </ClCompile>
    <ClCompile Include="src\benchmark\fsync_bench.cpp">
      <Filter>Source Files</Filter>
    </ClCompile>
    <ClCompile Include="src\checkpoint\cleaner.cpp">
      <Filter>Source Files</Filter>
    </ClCompile>
    <ClCompile Include="src\checkpoint\cp_mgr.cpp">
      <Filter>Source Files</Filter>
    </ClCompile>
    <ClCompile Include="src\checkpoint\replayer.cpp">
      <Filter>Source Files</Filter>
    </ClCompile>
    <ClCompile Include="src\comm\breakpoint.cpp">
      <Filter>Source Files</Filter>
    </ClCompile>
    <ClCompile Include="src\comm\inside_options.cpp">
      <Filter>Source Files</Filter>
    </ClCompile>
    <ClCompile Include="src\comm\logger.cpp">
      <Filter>Source Files</Filter>
    </ClCompile>
    <ClCompile Include="src\comm\options.cpp">
      <Filter>Source Files</Filter>
    </ClCompile>
    <ClCompile Include="src\communicate\communicate.cpp">
      <Filter>Source Files</Filter>
    </ClCompile>
    <ClCompile Include="src\communicate\dfnetwork.cpp">
      <Filter>Source Files</Filter>
    </ClCompile>
    <ClCompile Include="src\communicate\network.cpp">
      <Filter>Source Files</Filter>
    </ClCompile>
    <ClCompile Include="src\communicate\udp.cpp">
      <Filter>Source Files</Filter>
    </ClCompile>
    <ClCompile Include="src\communicate\tcp\event_base.cpp">
      <Filter>Source Files</Filter>
    </ClCompile>
    <ClCompile Include="src\communicate\tcp\event_loop.cpp">
      <Filter>Source Files</Filter>
    </ClCompile>
    <ClCompile Include="src\communicate\tcp\message_event.cpp">
      <Filter>Source Files</Filter>
    </ClCompile>
    <ClCompile Include="src\communicate\tcp\notify.cpp">
      <Filter>Source Files</Filter>
    </ClCompile>
    <ClCompile Include="src\communicate\tcp\tcp.cpp">
      <Filter>Source Files</Filter>
    </ClCompile>
    <ClCompile Include="src\communicate\tcp\tcp_acceptor.cpp">
      <Filter>Source Files</Filter>
    </ClCompile>
    <ClCompile Include="src\communicate\tcp\tcp_client.cpp">
      <Filter>Source Files</Filter>
    </ClCompile>
    <ClCompile Include="src\config\config.cpp">
      <Filter>Source Files</Filter>
    </ClCompile>
    <ClCompile Include="src\config\system_v_sm.cpp">
      <Filter>Source Files</Filter>
    </ClCompile>
    <ClCompile Include="src\logstorage\db.cpp">
      <Filter>Source Files</Filter>
    </ClCompile>
    <ClCompile Include="src\logstorage\log_store.cpp">
      <Filter>Source Files</Filter>
    </ClCompile>
    <ClCompile Include="src\logstorage\paxos_log.cpp">
      <Filter>Source Files</Filter>
    </ClCompile>
    <ClCompile Include="src\logstorage\system_variables_store.cpp">
      <Filter>Source Files</Filter>
    </ClCompile>
    <ClCompile Include="src\master\master_damon.cpp">
      <Filter>Source Files</Filter>
    </ClCompile>
    <ClCompile Include="src\master\master_sm.cpp">
      <Filter>Source Files</Filter>
    </ClCompile>
    <ClCompile Include="src\master\master_variables_store.cpp">
      <Filter>Source Files</Filter>
    </ClCompile>
    <ClCompile Include="src\node\group.cpp">
      <Filter>Source Files</Filter>
    </ClCompile>
    <ClCompile Include="src\node\node.cpp">
      <Filter>Source Files</Filter>
    </ClCompile>
    <ClCompile Include="src\node\pnode.cpp">
      <Filter>Source Files</Filter>
    </ClCompile>
    <ClCompile Include="src\sm-base\sm.cpp">
      <Filter>Source Files</Filter>
    </ClCompile>
    <ClCompile Include="src\sm-base\sm_base.cpp">
      <Filter>Source Files</Filter>
    </ClCompile>
    <ClCompile Include="src\test\test_main.cpp">
      <Filter>Source Files</Filter>
    </ClCompile>
    <ClCompile Include="src\test\test_server.cpp">
      <Filter>Source Files</Filter>
    </ClCompile>
    <ClCompile Include="src\test\test_sm.cpp">
      <Filter>Source Files</Filter>
    </ClCompile>
    <ClCompile Include="src\tools\paxos_log_tools.cpp">
      <Filter>Source Files</Filter>
    </ClCompile>
    <ClCompile Include="src\tools\system_variables_tools.cpp">
      <Filter>Source Files</Filter>
    </ClCompile>
    <ClCompile Include="src\ut\acceptor_ut.cpp">
      <Filter>Source Files</Filter>
    </ClCompile>
    <ClCompile Include="src\ut\db_ut.cpp">
      <Filter>Source Files</Filter>
    </ClCompile>
    <ClCompile Include="src\ut\make_class.cpp">
      <Filter>Source Files</Filter>
    </ClCompile>
    <ClCompile Include="src\ut\nodeid_ut.cpp">
      <Filter>Source Files</Filter>
    </ClCompile>
    <ClCompile Include="src\ut\proposer_ut.cpp">
      <Filter>Source Files</Filter>
    </ClCompile>
    <ClCompile Include="src\ut\timer_ut.cpp">
      <Filter>Source Files</Filter>
    </ClCompile>
    <ClCompile Include="src\ut\ut_main.cpp">
      <Filter>Source Files</Filter>
    </ClCompile>
    <ClCompile Include="src\ut\wait_lock_ut.cpp">
      <Filter>Source Files</Filter>
    </ClCompile>
    <ClCompile Include="src\utils\bytes_buffer.cpp">
      <Filter>Source Files</Filter>
    </ClCompile>
    <ClCompile Include="src\utils\concurrent.cpp">
      <Filter>Source Files</Filter>
    </ClCompile>
    <ClCompile Include="src\utils\crc32.cpp">
      <Filter>Source Files</Filter>
    </ClCompile>
    <ClCompile Include="src\utils\serial_lock.cpp">
      <Filter>Source Files</Filter>
    </ClCompile>
    <ClCompile Include="src\utils\socket.cpp">
      <Filter>Source Files</Filter>
    </ClCompile>
    <ClCompile Include="src\utils\timer.cpp">
      <Filter>Source Files</Filter>
    </ClCompile>
    <ClCompile Include="src\utils\util.cpp">
      <Filter>Source Files</Filter>
    </ClCompile>
    <ClCompile Include="src\utils\wait_lock.cpp">
      <Filter>Source Files</Filter>
    </ClCompile>
  </ItemGroup>
  <ItemGroup>
    <ClInclude Include="include\phxpaxos\breakpoint.h">
      <Filter>Header Files</Filter>
    </ClInclude>
    <ClInclude Include="include\phxpaxos\def.h">
      <Filter>Header Files</Filter>
    </ClInclude>
    <ClInclude Include="include\phxpaxos\log.h">
      <Filter>Header Files</Filter>
    </ClInclude>
    <ClInclude Include="include\phxpaxos\network.h">
      <Filter>Header Files</Filter>
    </ClInclude>
    <ClInclude Include="include\phxpaxos\node.h">
      <Filter>Header Files</Filter>
    </ClInclude>
    <ClInclude Include="include\phxpaxos\options.h">
      <Filter>Header Files</Filter>
    </ClInclude>
    <ClInclude Include="include\phxpaxos\sm.h">
      <Filter>Header Files</Filter>
    </ClInclude>
    <ClInclude Include="include\phxpaxos\storage.h">
      <Filter>Header Files</Filter>
    </ClInclude>
    <ClInclude Include="plugin\include\phxpaxos_plugin\logger_google.h">
      <Filter>Header Files</Filter>
    </ClInclude>
    <ClInclude Include="plugin\include\phxpaxos_plugin\monitor.h">
      <Filter>Header Files</Filter>
    </ClInclude>
    <ClInclude Include="plugin\logger_google\logger_google_impl.h">
      <Filter>Header Files</Filter>
    </ClInclude>
    <ClInclude Include="plugin\monitor\monitor_bp.h">
      <Filter>Header Files</Filter>
    </ClInclude>
    <ClInclude Include="sample\phxecho\echo_server.h">
      <Filter>Header Files</Filter>
    </ClInclude>
    <ClInclude Include="sample\phxecho\echo_sm.h">
      <Filter>Header Files</Filter>
    </ClInclude>
    <ClInclude Include="sample\phxelection\election.h">
      <Filter>Header Files</Filter>
    </ClInclude>
    <ClInclude Include="sample\phxkv\def.h">
      <Filter>Header Files</Filter>
    </ClInclude>
    <ClInclude Include="sample\phxkv\kv.h">
      <Filter>Header Files</Filter>
    </ClInclude>
    <ClInclude Include="sample\phxkv\kvsm.h">
      <Filter>Header Files</Filter>
    </ClInclude>
    <ClInclude Include="sample\phxkv\kv_grpc_client.h">
      <Filter>Header Files</Filter>
    </ClInclude>
    <ClInclude Include="sample\phxkv\kv_grpc_server.h">
      <Filter>Header Files</Filter>
    </ClInclude>
    <ClInclude Include="sample\phxkv\kv_paxos.h">
      <Filter>Header Files</Filter>
    </ClInclude>
    <ClInclude Include="sample\phxkv\log.h">
      <Filter>Header Files</Filter>
    </ClInclude>
    <ClInclude Include="sample\phxkv\utils.h">
      <Filter>Header Files</Filter>
    </ClInclude>
    <ClInclude Include="src\algorithm\acceptor.h">
      <Filter>Header Files</Filter>
    </ClInclude>
    <ClInclude Include="src\algorithm\base.h">
      <Filter>Header Files</Filter>
    </ClInclude>
    <ClInclude Include="src\algorithm\checkpoint_receiver.h">
      <Filter>Header Files</Filter>
    </ClInclude>
    <ClInclude Include="src\algorithm\checkpoint_sender.h">
      <Filter>Header Files</Filter>
    </ClInclude>
    <ClInclude Include="src\algorithm\commitctx.h">
      <Filter>Header Files</Filter>
    </ClInclude>
    <ClInclude Include="src\algorithm\committer.h">
      <Filter>Header Files</Filter>
    </ClInclude>
    <ClInclude Include="src\algorithm\instance.h">
      <Filter>Header Files</Filter>
    </ClInclude>
    <ClInclude Include="src\algorithm\ioloop.h">
      <Filter>Header Files</Filter>
    </ClInclude>
    <ClInclude Include="src\algorithm\learner.h">
      <Filter>Header Files</Filter>
    </ClInclude>
    <ClInclude Include="src\algorithm\learner_sender.h">
      <Filter>Header Files</Filter>
    </ClInclude>
    <ClInclude Include="src\algorithm\msg_counter.h">
      <Filter>Header Files</Filter>
    </ClInclude>
    <ClInclude Include="src\algorithm\proposer.h">
      <Filter>Header Files</Filter>
    </ClInclude>
    <ClInclude Include="src\benchmark\bench_server.h">
      <Filter>Header Files</Filter>
    </ClInclude>
    <ClInclude Include="src\benchmark\bench_sm.h">
      <Filter>Header Files</Filter>
    </ClInclude>
    <ClInclude Include="src\checkpoint\cleaner.h">
      <Filter>Header Files</Filter>
    </ClInclude>
    <ClInclude Include="src\checkpoint\cp_mgr.h">
      <Filter>Header Files</Filter>
    </ClInclude>
    <ClInclude Include="src\checkpoint\replayer.h">
      <Filter>Header Files</Filter>
    </ClInclude>
    <ClInclude Include="src\comm\commdef.h">
      <Filter>Header Files</Filter>
    </ClInclude>
    <ClInclude Include="src\comm\comm_include.h">
      <Filter>Header Files</Filter>
    </ClInclude>
    <ClInclude Include="src\comm\inside_options.h">
      <Filter>Header Files</Filter>
    </ClInclude>
    <ClInclude Include="src\comm\logger.h">
      <Filter>Header Files</Filter>
    </ClInclude>
    <ClInclude Include="src\comm\msg_transport.h">
      <Filter>Header Files</Filter>
    </ClInclude>
    <ClInclude Include="src\communicate\communicate.h">
      <Filter>Header Files</Filter>
    </ClInclude>
    <ClInclude Include="src\communicate\dfnetwork.h">
      <Filter>Header Files</Filter>
    </ClInclude>
    <ClInclude Include="src\communicate\udp.h">
      <Filter>Header Files</Filter>
    </ClInclude>
    <ClInclude Include="src\communicate\tcp\event_base.h">
      <Filter>Header Files</Filter>
    </ClInclude>
    <ClInclude Include="src\communicate\tcp\event_loop.h">
      <Filter>Header Files</Filter>
    </ClInclude>
    <ClInclude Include="src\communicate\tcp\message_event.h">
      <Filter>Header Files</Filter>
    </ClInclude>
    <ClInclude Include="src\communicate\tcp\notify.h">
      <Filter>Header Files</Filter>
    </ClInclude>
    <ClInclude Include="src\communicate\tcp\tcp.h">
      <Filter>Header Files</Filter>
    </ClInclude>
    <ClInclude Include="src\communicate\tcp\tcp_acceptor.h">
      <Filter>Header Files</Filter>
    </ClInclude>
    <ClInclude Include="src\communicate\tcp\tcp_client.h">
      <Filter>Header Files</Filter>
    </ClInclude>
    <ClInclude Include="src\config\config.h">
      <Filter>Header Files</Filter>
    </ClInclude>
    <ClInclude Include="src\config\config_include.h">
      <Filter>Header Files</Filter>
    </ClInclude>
    <ClInclude Include="src\config\inside_sm.h">
      <Filter>Header Files</Filter>
    </ClInclude>
    <ClInclude Include="src\config\system_v_sm.h">
      <Filter>Header Files</Filter>
    </ClInclude>
    <ClInclude Include="src\logstorage\db.h">
      <Filter>Header Files</Filter>
    </ClInclude>
    <ClInclude Include="src\logstorage\log_store.h">
      <Filter>Header Files</Filter>
    </ClInclude>
    <ClInclude Include="src\logstorage\paxos_log.h">
      <Filter>Header Files</Filter>
    </ClInclude>
    <ClInclude Include="src\logstorage\system_variables_store.h">
      <Filter>Header Files</Filter>
    </ClInclude>
    <ClInclude Include="src\master\master_damon.h">
      <Filter>Header Files</Filter>
    </ClInclude>
    <ClInclude Include="src\master\master_sm.h">
      <Filter>Header Files</Filter>
    </ClInclude>
    <ClInclude Include="src\master\master_variables_store.h">
      <Filter>Header Files</Filter>
    </ClInclude>
    <ClInclude Include="src\node\group.h">
      <Filter>Header Files</Filter>
    </ClInclude>
    <ClInclude Include="src\node\pnode.h">
      <Filter>Header Files</Filter>
    </ClInclude>
    <ClInclude Include="src\sm-base\sm_base.h">
      <Filter>Header Files</Filter>
    </ClInclude>
    <ClInclude Include="src\test\test_server.h">
      <Filter>Header Files</Filter>
    </ClInclude>
    <ClInclude Include="src\test\test_sm.h">
      <Filter>Header Files</Filter>
    </ClInclude>
    <ClInclude Include="src\ut\make_class.h">
      <Filter>Header Files</Filter>
    </ClInclude>
    <ClInclude Include="src\ut\mock_class.h">
      <Filter>Header Files</Filter>
    </ClInclude>
    <ClInclude Include="src\utils\bytes_buffer.h">
      <Filter>Header Files</Filter>
    </ClInclude>
    <ClInclude Include="src\utils\concurrent.h">
      <Filter>Header Files</Filter>
    </ClInclude>
    <ClInclude Include="src\utils\crc32.h">
      <Filter>Header Files</Filter>
    </ClInclude>
    <ClInclude Include="src\utils\serial_lock.h">
      <Filter>Header Files</Filter>
    </ClInclude>
    <ClInclude Include="src\utils\socket.h">
      <Filter>Header Files</Filter>
    </ClInclude>
    <ClInclude Include="src\utils\timer.h">
      <Filter>Header Files</Filter>
    </ClInclude>
    <ClInclude Include="src\utils\util.h">
      <Filter>Header Files</Filter>
    </ClInclude>
    <ClInclude Include="src\utils\utils_include.h">
      <Filter>Header Files</Filter>
    </ClInclude>
    <ClInclude Include="src\utils\wait_lock.h">
      <Filter>Header Files</Filter>
    </ClInclude>
  </ItemGroup>
</Project>